
Microsoft Visual Studio Solution File, Format Version 12.00
# Visual Studio 15
VisualStudioVersion = 15.0.28307.421
MinimumVisualStudioVersion = 15.0.26124.0
Project("{9A19103F-16F7-4668-BE54-9A1E7A4F7556}") = "Web", "Web\Web.csproj", "{C10864D1-8FCA-41DA-A7E0-60F7368BDBBC}"
EndProject
Project("{9A19103F-16F7-4668-BE54-9A1E7A4F7556}") = "Data", "Data\Data.csproj", "{E9E742F4-3677-4A79-9387-E5F82DFD5984}"
EndProject
Project("{9A19103F-16F7-4668-BE54-9A1E7A4F7556}") = "Domain", "Domain\Domain.csproj", "{59B227E6-097B-445D-9E1E-F42966A1E4B3}"
EndProject
Global
	GlobalSection(SolutionConfigurationPlatforms) = preSolution
		Debug|Any CPU = Debug|Any CPU
		Release|Any CPU = Release|Any CPU
	EndGlobalSection
	GlobalSection(ProjectConfigurationPlatforms) = postSolution
		{C10864D1-8FCA-41DA-A7E0-60F7368BDBBC}.Debug|Any CPU.ActiveCfg = Debug|Any CPU
		{C10864D1-8FCA-41DA-A7E0-60F7368BDBBC}.Debug|Any CPU.Build.0 = Debug|Any CPU
		{C10864D1-8FCA-41DA-A7E0-60F7368BDBBC}.Release|Any CPU.ActiveCfg = Release|Any CPU
		{C10864D1-8FCA-41DA-A7E0-60F7368BDBBC}.Release|Any CPU.Build.0 = Release|Any CPU
		{E9E742F4-3677-4A79-9387-E5F82DFD5984}.Debug|Any CPU.ActiveCfg = Debug|Any CPU
		{E9E742F4-3677-4A79-9387-E5F82DFD5984}.Debug|Any CPU.Build.0 = Debug|Any CPU
		{E9E742F4-3677-4A79-9387-E5F82DFD5984}.Release|Any CPU.ActiveCfg = Release|Any CPU
		{E9E742F4-3677-4A79-9387-E5F82DFD5984}.Release|Any CPU.Build.0 = Release|Any CPU
		{59B227E6-097B-445D-9E1E-F42966A1E4B3}.Debug|Any CPU.ActiveCfg = Debug|Any CPU
		{59B227E6-097B-445D-9E1E-F42966A1E4B3}.Debug|Any CPU.Build.0 = Debug|Any CPU
		{59B227E6-097B-445D-9E1E-F42966A1E4B3}.Release|Any CPU.ActiveCfg = Release|Any CPU
		{59B227E6-097B-445D-9E1E-F42966A1E4B3}.Release|Any CPU.Build.0 = Release|Any CPU
	EndGlobalSection
	GlobalSection(SolutionProperties) = preSolution
		HideSolutionNode = FALSE
	EndGlobalSection
	GlobalSection(ExtensibilityGlobals) = postSolution
		SolutionGuid = {189D0A62-0719-4752-84E6-819C74E5DA11}
	EndGlobalSection
EndGlobal
